PODS:
  - Mixpanel-swift (2.1.1)
  - VectorSwift (0.2.0)

DEPENDENCIES:
  - Mixpanel-swift
  - VectorSwift (from `https://github.com/davidisaaclee/VectorSwift.git`)

EXTERNAL SOURCES:
  VectorSwift:
    :git: https://github.com/davidisaaclee/VectorSwift.git

CHECKOUT OPTIONS:
  VectorSwift:
    :commit: 8a5a12e02b08be01e70e5de4ae7faf2c4ec62020
    :git: https://github.com/davidisaaclee/VectorSwift.git

SPEC CHECKSUMS:
  Mixpanel-swift: 49966d4beec714aee3a026d39085b62b26eca081
  VectorSwift: cdd75b6cf37a2407634d469bb6a0e94fe4625785

PODFILE CHECKSUM: 4530e7470ea7240fe7633859f206fd0b0491e124

COCOAPODS: 1.1.1
