// !$*UTF8*$!
{
	archiveVersion = 1;
	classes = {
	};
	objectVersion = 46;
	objects = {

/* Begin PBXBuildFile section */
		494F518DA341EF4D9C96C7F4 /* Pods_Touchup.framework in Frameworks */ = {isa = PBXBuildFile; fileRef = 78D4FBC5BCD2DE39CEF776D5 /* Pods_Touchup.framework */; };
		63250E401E6F3CF600A3C955 /* UIBezierPath+smooth.swift in Sources */ = {isa = PBXBuildFile; fileRef = 63250E3F1E6F3CF600A3C955 /* UIBezierPath+smooth.swift */; };
		63250E421E6F917400A3C955 /* EraserTool.swift in Sources */ = {isa = PBXBuildFile; fileRef = 63250E411E6F917400A3C955 /* EraserTool.swift */; };
		633C8AB91EC25EF6003EB9A6 /* UIImage+trimmedImage.m in Sources */ = {isa = PBXBuildFile; fileRef = 633C8AB81EC25EF6003EB9A6 /* UIImage+trimmedImage.m */; };
		633D53D51EC3A7FF00DD57A7 /* Dictionary.swift in Sources */ = {isa = PBXBuildFile; fileRef = 633D53D41EC3A7FF00DD57A7 /* Dictionary.swift */; };
		634C33141E775D7E005AA13A /* ImageSequencer.swift in Sources */ = {isa = PBXBuildFile; fileRef = 634C33131E775D7E005AA13A /* ImageSequencer.swift */; };
		634F26031E662A4F00028893 /* AppDelegate.swift in Sources */ = {isa = PBXBuildFile; fileRef = 634F26021E662A4F00028893 /* AppDelegate.swift */; };
		634F26051E662A4F00028893 /* ViewController.swift in Sources */ = {isa = PBXBuildFile; fileRef = 634F26041E662A4F00028893 /* ViewController.swift */; };
		634F26081E662A4F00028893 /* Main.storyboard in Resources */ = {isa = PBXBuildFile; fileRef = 634F26061E662A4F00028893 /* Main.storyboard */; };
		634F260A1E662A4F00028893 /* Assets.xcassets in Resources */ = {isa = PBXBuildFile; fileRef = 634F26091E662A4F00028893 /* Assets.xcassets */; };
		634F260D1E662A4F00028893 /* LaunchScreen.storyboard in Resources */ = {isa = PBXBuildFile; fileRef = 634F260B1E662A4F00028893 /* LaunchScreen.storyboard */; };
		634F26151E662A6500028893 /* ImageSourceRenderView.swift in Sources */ = {isa = PBXBuildFile; fileRef = 634F26141E662A6500028893 /* ImageSourceRenderView.swift */; };
		6368915C1E774D180022D811 /* Models.swift in Sources */ = {isa = PBXBuildFile; fileRef = 6368915B1E774D180022D811 /* Models.swift */; };
		6368915E1E774EF00022D811 /* runner.mp4 in Resources */ = {isa = PBXBuildFile; fileRef = 6368915D1E774EF00022D811 /* runner.mp4 */; };
		637E45E01E70823B00BBFE4C /* Vector+dot.swift in Sources */ = {isa = PBXBuildFile; fileRef = 637E45DF1E70823B00BBFE4C /* Vector+dot.swift */; };
		637E45E21E70B80400BBFE4C /* Analytics.swift in Sources */ = {isa = PBXBuildFile; fileRef = 637E45E11E70B80400BBFE4C /* Analytics.swift */; };
		63B481391E688F9300D1A795 /* UIImage+resize.swift in Sources */ = {isa = PBXBuildFile; fileRef = 63B481381E688F9300D1A795 /* UIImage+resize.swift */; };
		63BCF56C1E667D62006D46DD /* MultitouchGestureRecognizer.swift in Sources */ = {isa = PBXBuildFile; fileRef = 63BCF56B1E667D62006D46DD /* MultitouchGestureRecognizer.swift */; };
		63BCF56E1E673C10006D46DD /* ImageStageController.swift in Sources */ = {isa = PBXBuildFile; fileRef = 63BCF56D1E673C10006D46DD /* ImageStageController.swift */; };
		63C5A9361E77B8030079D380 /* CIFilter.swift in Sources */ = {isa = PBXBuildFile; fileRef = 63C5A9351E77B8030079D380 /* CIFilter.swift */; };
		63C5A9381E785FDB0079D380 /* progress.mp4 in Resources */ = {isa = PBXBuildFile; fileRef = 63C5A9371E785FDB0079D380 /* progress.mp4 */; };
		63C5A93B1E7866680079D380 /* History.swift in Sources */ = {isa = PBXBuildFile; fileRef = 63C5A93A1E7866680079D380 /* History.swift */; };
		63C5A93D1E787D130079D380 /* Result.swift in Sources */ = {isa = PBXBuildFile; fileRef = 63C5A93C1E787D130079D380 /* Result.swift */; };
		63C5A93F1E78B22B0079D380 /* Tape.swift in Sources */ = {isa = PBXBuildFile; fileRef = 63C5A93E1E78B22B0079D380 /* Tape.swift */; };
		63D4B8721E6B4487003D4514 /* AssetsLibrary.framework in Frameworks */ = {isa = PBXBuildFile; fileRef = 63D4B8711E6B4487003D4514 /* AssetsLibrary.framework */; };
		63D4B8741E6B448D003D4514 /* CoreTelephony.framework in Frameworks */ = {isa = PBXBuildFile; fileRef = 63D4B8731E6B448D003D4514 /* CoreTelephony.framework */; };
		63D4B8761E6B4493003D4514 /* CoreText.framework in Frameworks */ = {isa = PBXBuildFile; fileRef = 63D4B8751E6B4493003D4514 /* CoreText.framework */; };
		63D4B8781E6B4499003D4514 /* CoreMedia.framework in Frameworks */ = {isa = PBXBuildFile; fileRef = 63D4B8771E6B4499003D4514 /* CoreMedia.framework */; };
		63D4B87A1E6B449E003D4514 /* AVFoundation.framework in Frameworks */ = {isa = PBXBuildFile; fileRef = 63D4B8791E6B449E003D4514 /* AVFoundation.framework */; };
		63D4B87C1E6B44A4003D4514 /* CoreVideo.framework in Frameworks */ = {isa = PBXBuildFile; fileRef = 63D4B87B1E6B44A4003D4514 /* CoreVideo.framework */; };
		63D4B87E1E6B44AA003D4514 /* QuartzCore.framework in Frameworks */ = {isa = PBXBuildFile; fileRef = 63D4B87D1E6B44AA003D4514 /* QuartzCore.framework */; };
		63D4B8801E6B44AF003D4514 /* SystemConfiguration.framework in Frameworks */ = {isa = PBXBuildFile; fileRef = 63D4B87F1E6B44AF003D4514 /* SystemConfiguration.framework */; };
		63D4B8821E6B44B8003D4514 /* BuddyBuildSDK.framework in Frameworks */ = {isa = PBXBuildFile; fileRef = 63D4B8811E6B44B8003D4514 /* BuddyBuildSDK.framework */; };
		63EB14AA1E71FEF900925D43 /* UIGestureRecognizer+cancel.swift in Sources */ = {isa = PBXBuildFile; fileRef = 63EB14A91E71FEF900925D43 /* UIGestureRecognizer+cancel.swift */; };
/* End PBXBuildFile section */

/* Begin PBXFileReference section */
		63250E3F1E6F3CF600A3C955 /* UIBezierPath+smooth.swift */ = {isa = PBXFileReference; fileEncoding = 4; lastKnownFileType = sourcecode.swift; path = "UIBezierPath+smooth.swift"; sourceTree = "<group>"; };
		63250E411E6F917400A3C955 /* EraserTool.swift */ = {isa = PBXFileReference; fileEncoding = 4; lastKnownFileType = sourcecode.swift; path = EraserTool.swift; sourceTree = "<group>"; };
		633C8AB71EC25EF6003EB9A6 /* UIImage+trimmedImage.h */ = {isa = PBXFileReference; fileEncoding = 4; lastKnownFileType = sourcecode.c.h; path = "UIImage+trimmedImage.h"; sourceTree = "<group>"; };
		633C8AB81EC25EF6003EB9A6 /* UIImage+trimmedImage.m */ = {isa = PBXFileReference; fileEncoding = 4; lastKnownFileType = sourcecode.c.objc; path = "UIImage+trimmedImage.m"; sourceTree = "<group>"; };
		633D53D41EC3A7FF00DD57A7 /* Dictionary.swift */ = {isa = PBXFileReference; fileEncoding = 4; lastKnownFileType = sourcecode.swift; path = Dictionary.swift; sourceTree = "<group>"; };
		634C33131E775D7E005AA13A /* ImageSequencer.swift */ = {isa = PBXFileReference; fileEncoding = 4; lastKnownFileType = sourcecode.swift; path = ImageSequencer.swift; sourceTree = "<group>"; };
		634F25FF1E662A4F00028893 /* Touchup.app */ = {isa = PBXFileReference; explicitFileType = wrapper.application; includeInIndex = 0; path = Touchup.app; sourceTree = BUILT_PRODUCTS_DIR; };
		634F26021E662A4F00028893 /* AppDelegate.swift */ = {isa = PBXFileReference; lastKnownFileType = sourcecode.swift; path = AppDelegate.swift; sourceTree = "<group>"; };
		634F26041E662A4F00028893 /* ViewController.swift */ = {isa = PBXFileReference; lastKnownFileType = sourcecode.swift; path = ViewController.swift; sourceTree = "<group>"; };
		634F26071E662A4F00028893 /* Base */ = {isa = PBXFileReference; lastKnownFileType = file.storyboard; name = Base; path = Base.lproj/Main.storyboard; sourceTree = "<group>"; };
		634F26091E662A4F00028893 /* Assets.xcassets */ = {isa = PBXFileReference; lastKnownFileType = folder.assetcatalog; path = Assets.xcassets; sourceTree = "<group>"; };
		634F260C1E662A4F00028893 /* Base */ = {isa = PBXFileReference; lastKnownFileType = file.storyboard; name = Base; path = Base.lproj/LaunchScreen.storyboard; sourceTree = "<group>"; };
		634F260E1E662A4F00028893 /* Info.plist */ = {isa = PBXFileReference; lastKnownFileType = text.plist.xml; path = Info.plist; sourceTree = "<group>"; };
		634F26141E662A6500028893 /* ImageSourceRenderView.swift */ = {isa = PBXFileReference; fileEncoding = 4; lastKnownFileType = sourcecode.swift; path = ImageSourceRenderView.swift; sourceTree = "<group>"; };
		6368915B1E774D180022D811 /* Models.swift */ = {isa = PBXFileReference; fileEncoding = 4; lastKnownFileType = sourcecode.swift; path = Models.swift; sourceTree = "<group>"; };
		6368915D1E774EF00022D811 /* runner.mp4 */ = {isa = PBXFileReference; lastKnownFileType = file; path = runner.mp4; sourceTree = "<group>"; };
		637E45DF1E70823B00BBFE4C /* Vector+dot.swift */ = {isa = PBXFileReference; fileEncoding = 4; lastKnownFileType = sourcecode.swift; path = "Vector+dot.swift"; sourceTree = "<group>"; };
		637E45E11E70B80400BBFE4C /* Analytics.swift */ = {isa = PBXFileReference; fileEncoding = 4; lastKnownFileType = sourcecode.swift; path = Analytics.swift; sourceTree = "<group>"; };
		63B481381E688F9300D1A795 /* UIImage+resize.swift */ = {isa = PBXFileReference; fileEncoding = 4; lastKnownFileType = sourcecode.swift; path = "UIImage+resize.swift"; sourceTree = "<group>"; };
		63BCF56B1E667D62006D46DD /* MultitouchGestureRecognizer.swift */ = {isa = PBXFileReference; fileEncoding = 4; lastKnownFileType = sourcecode.swift; path = MultitouchGestureRecognizer.swift; sourceTree = "<group>"; };
		63BCF56D1E673C10006D46DD /* ImageStageController.swift */ = {isa = PBXFileReference; fileEncoding = 4; lastKnownFileType = sourcecode.swift; path = ImageStageController.swift; sourceTree = "<group>"; };
		63C5A9351E77B8030079D380 /* CIFilter.swift */ = {isa = PBXFileReference; fileEncoding = 4; lastKnownFileType = sourcecode.swift; path = CIFilter.swift; sourceTree = "<group>"; };
		63C5A9371E785FDB0079D380 /* progress.mp4 */ = {isa = PBXFileReference; lastKnownFileType = file; path = progress.mp4; sourceTree = "<group>"; };
		63C5A93A1E7866680079D380 /* History.swift */ = {isa = PBXFileReference; fileEncoding = 4; lastKnownFileType = sourcecode.swift; path = History.swift; sourceTree = "<group>"; };
		63C5A93C1E787D130079D380 /* Result.swift */ = {isa = PBXFileReference; fileEncoding = 4; lastKnownFileType = sourcecode.swift; path = Result.swift; sourceTree = "<group>"; };
		63C5A93E1E78B22B0079D380 /* Tape.swift */ = {isa = PBXFileReference; fileEncoding = 4; lastKnownFileType = sourcecode.swift; path = Tape.swift; sourceTree = "<group>"; };
		63D4B8711E6B4487003D4514 /* AssetsLibrary.framework */ = {isa = PBXFileReference; lastKnownFileType = wrapper.framework; name = AssetsLibrary.framework; path = System/Library/Frameworks/AssetsLibrary.framework; sourceTree = SDKROOT; };
		63D4B8731E6B448D003D4514 /* CoreTelephony.framework */ = {isa = PBXFileReference; lastKnownFileType = wrapper.framework; name = CoreTelephony.framework; path = System/Library/Frameworks/CoreTelephony.framework; sourceTree = SDKROOT; };
		63D4B8751E6B4493003D4514 /* CoreText.framework */ = {isa = PBXFileReference; lastKnownFileType = wrapper.framework; name = CoreText.framework; path = System/Library/Frameworks/CoreText.framework; sourceTree = SDKROOT; };
		63D4B8771E6B4499003D4514 /* CoreMedia.framework */ = {isa = PBXFileReference; lastKnownFileType = wrapper.framework; name = CoreMedia.framework; path = System/Library/Frameworks/CoreMedia.framework; sourceTree = SDKROOT; };
		63D4B8791E6B449E003D4514 /* AVFoundation.framework */ = {isa = PBXFileReference; lastKnownFileType = wrapper.framework; name = AVFoundation.framework; path = System/Library/Frameworks/AVFoundation.framework; sourceTree = SDKROOT; };
		63D4B87B1E6B44A4003D4514 /* CoreVideo.framework */ = {isa = PBXFileReference; lastKnownFileType = wrapper.framework; name = CoreVideo.framework; path = System/Library/Frameworks/CoreVideo.framework; sourceTree = SDKROOT; };
		63D4B87D1E6B44AA003D4514 /* QuartzCore.framework */ = {isa = PBXFileReference; lastKnownFileType = wrapper.framework; name = QuartzCore.framework; path = System/Library/Frameworks/QuartzCore.framework; sourceTree = SDKROOT; };
		63D4B87F1E6B44AF003D4514 /* SystemConfiguration.framework */ = {isa = PBXFileReference; lastKnownFileType = wrapper.framework; name = SystemConfiguration.framework; path = System/Library/Frameworks/SystemConfiguration.framework; sourceTree = SDKROOT; };
		63D4B8811E6B44B8003D4514 /* BuddyBuildSDK.framework */ = {isa = PBXFileReference; lastKnownFileType = wrapper.framework; path = BuddyBuildSDK.framework; sourceTree = "<group>"; };
		63D4B8831E6B4501003D4514 /* Touchup-Bridging-Header.h */ = {isa = PBXFileReference; lastKnownFileType = sourcecode.c.h; path = "Touchup-Bridging-Header.h"; sourceTree = "<group>"; };
		63EB14A91E71FEF900925D43 /* UIGestureRecognizer+cancel.swift */ = {isa = PBXFileReference; fileEncoding = 4; lastKnownFileType = sourcecode.swift; path = "UIGestureRecognizer+cancel.swift"; sourceTree = "<group>"; };
		78D4FBC5BCD2DE39CEF776D5 /* Pods_Touchup.framework */ = {isa = PBXFileReference; explicitFileType = wrapper.framework; includeInIndex = 0; path = Pods_Touchup.framework; sourceTree = BUILT_PRODUCTS_DIR; };
		C8023175DC6A9118FA38AA4E /* Pods-Touchup.debug.xcconfig */ = {isa = PBXFileReference; includeInIndex = 1; lastKnownFileType = text.xcconfig; name = "Pods-Touchup.debug.xcconfig"; path = "Pods/Target Support Files/Pods-Touchup/Pods-Touchup.debug.xcconfig"; sourceTree = "<group>"; };
		FC8494E0AC6C0BC89FBA1528 /* Pods-Touchup.release.xcconfig */ = {isa = PBXFileReference; includeInIndex = 1; lastKnownFileType = text.xcconfig; name = "Pods-Touchup.release.xcconfig"; path = "Pods/Target Support Files/Pods-Touchup/Pods-Touchup.release.xcconfig"; sourceTree = "<group>"; };
/* End PBXFileReference section */

/* Begin PBXFrameworksBuildPhase section */
		634F25FC1E662A4F00028893 /* Frameworks */ = {
			isa = PBXFrameworksBuildPhase;
			buildActionMask = 2147483647;
			files = (
				63D4B8821E6B44B8003D4514 /* BuddyBuildSDK.framework in Frameworks */,
				63D4B8801E6B44AF003D4514 /* SystemConfiguration.framework in Frameworks */,
				63D4B87E1E6B44AA003D4514 /* QuartzCore.framework in Frameworks */,
				63D4B87C1E6B44A4003D4514 /* CoreVideo.framework in Frameworks */,
				63D4B87A1E6B449E003D4514 /* AVFoundation.framework in Frameworks */,
				63D4B8781E6B4499003D4514 /* CoreMedia.framework in Frameworks */,
				63D4B8761E6B4493003D4514 /* CoreText.framework in Frameworks */,
				63D4B8741E6B448D003D4514 /* CoreTelephony.framework in Frameworks */,
				63D4B8721E6B4487003D4514 /* AssetsLibrary.framework in Frameworks */,
				494F518DA341EF4D9C96C7F4 /* Pods_Touchup.framework in Frameworks */,
			);
			runOnlyForDeploymentPostprocessing = 0;
		};
/* End PBXFrameworksBuildPhase section */

/* Begin PBXGroup section */
		22667A1AE47378978A0592F9 /* Pods */ = {
			isa = PBXGroup;
			children = (
				C8023175DC6A9118FA38AA4E /* Pods-Touchup.debug.xcconfig */,
				FC8494E0AC6C0BC89FBA1528 /* Pods-Touchup.release.xcconfig */,
			);
			name = Pods;
			sourceTree = "<group>";
		};
		3645E1784778CCFD4CFBC056 /* Frameworks */ = {
			isa = PBXGroup;
			children = (
				63D4B8811E6B44B8003D4514 /* BuddyBuildSDK.framework */,
				63D4B87F1E6B44AF003D4514 /* SystemConfiguration.framework */,
				63D4B87D1E6B44AA003D4514 /* QuartzCore.framework */,
				63D4B87B1E6B44A4003D4514 /* CoreVideo.framework */,
				63D4B8791E6B449E003D4514 /* AVFoundation.framework */,
				63D4B8771E6B4499003D4514 /* CoreMedia.framework */,
				63D4B8751E6B4493003D4514 /* CoreText.framework */,
				63D4B8731E6B448D003D4514 /* CoreTelephony.framework */,
				63D4B8711E6B4487003D4514 /* AssetsLibrary.framework */,
				78D4FBC5BCD2DE39CEF776D5 /* Pods_Touchup.framework */,
			);
			name = Frameworks;
			sourceTree = "<group>";
		};
		63025C721EC8E13B008EF995 /* Generic */ = {
			isa = PBXGroup;
			children = (
				63025C731EC8E152008EF995 /* Extensions */,
				63BCF56B1E667D62006D46DD /* MultitouchGestureRecognizer.swift */,
				63C5A93C1E787D130079D380 /* Result.swift */,
				63C5A93E1E78B22B0079D380 /* Tape.swift */,
				63C5A93A1E7866680079D380 /* History.swift */,
			);
			name = Generic;
			sourceTree = "<group>";
		};
		63025C731EC8E152008EF995 /* Extensions */ = {
			isa = PBXGroup;
			children = (
				634C33131E775D7E005AA13A /* ImageSequencer.swift */,
				63C5A9351E77B8030079D380 /* CIFilter.swift */,
				633D53D41EC3A7FF00DD57A7 /* Dictionary.swift */,
				633C8AB71EC25EF6003EB9A6 /* UIImage+trimmedImage.h */,
				633C8AB81EC25EF6003EB9A6 /* UIImage+trimmedImage.m */,
				63B481381E688F9300D1A795 /* UIImage+resize.swift */,
				63250E3F1E6F3CF600A3C955 /* UIBezierPath+smooth.swift */,
				637E45DF1E70823B00BBFE4C /* Vector+dot.swift */,
				63EB14A91E71FEF900925D43 /* UIGestureRecognizer+cancel.swift */,
			);
			name = Extensions;
			sourceTree = "<group>";
		};
		634F25F61E662A4F00028893 = {
			isa = PBXGroup;
			children = (
				634F26011E662A4F00028893 /* Touchup */,
				634F26001E662A4F00028893 /* Products */,
				3645E1784778CCFD4CFBC056 /* Frameworks */,
				22667A1AE47378978A0592F9 /* Pods */,
			);
			sourceTree = "<group>";
		};
		634F26001E662A4F00028893 /* Products */ = {
			isa = PBXGroup;
			children = (
				634F25FF1E662A4F00028893 /* Touchup.app */,
			);
			name = Products;
			sourceTree = "<group>";
		};
		634F26011E662A4F00028893 /* Touchup */ = {
			isa = PBXGroup;
			children = (
				634F26061E662A4F00028893 /* Main.storyboard */,
				634F26021E662A4F00028893 /* AppDelegate.swift */,
				634F26041E662A4F00028893 /* ViewController.swift */,
				634F26141E662A6500028893 /* ImageSourceRenderView.swift */,
				63BCF56D1E673C10006D46DD /* ImageStageController.swift */,
				63250E411E6F917400A3C955 /* EraserTool.swift */,
				637E45E11E70B80400BBFE4C /* Analytics.swift */,
				6368915B1E774D180022D811 /* Models.swift */,
				63025C721EC8E13B008EF995 /* Generic */,
				63C5A9391E785FDF0079D380 /* Videos */,
				634F26091E662A4F00028893 /* Assets.xcassets */,
				634F260B1E662A4F00028893 /* LaunchScreen.storyboard */,
				634F260E1E662A4F00028893 /* Info.plist */,
				63D4B8831E6B4501003D4514 /* Touchup-Bridging-Header.h */,
			);
			name = Touchup;
			path = CITransformsExperiment;
			sourceTree = "<group>";
		};
		63C5A9391E785FDF0079D380 /* Videos */ = {
			isa = PBXGroup;
			children = (
				6368915D1E774EF00022D811 /* runner.mp4 */,
				63C5A9371E785FDB0079D380 /* progress.mp4 */,
			);
			name = Videos;
			sourceTree = "<group>";
		};
/* End PBXGroup section */

/* Begin PBXNativeTarget section */
		634F25FE1E662A4F00028893 /* Touchup */ = {
			isa = PBXNativeTarget;
			buildConfigurationList = 634F26111E662A4F00028893 /* Build configuration list for PBXNativeTarget "Touchup" */;
			buildPhases = (
				F675859C51347735320683DF /* [CP] Check Pods Manifest.lock */,
				634F25FB1E662A4F00028893 /* Sources */,
				634F25FC1E662A4F00028893 /* Frameworks */,
				634F25FD1E662A4F00028893 /* Resources */,
				5CFB7B3A5ABC2B2E527C6AB7 /* [CP] Embed Pods Frameworks */,
				1382AF06092604D46D81B033 /* [CP] Copy Pods Resources */,
			);
			buildRules = (
			);
			dependencies = (
			);
			name = Touchup;
			productName = CITransformsExperiment;
			productReference = 634F25FF1E662A4F00028893 /* Touchup.app */;
			productType = "com.apple.product-type.application";
		};
/* End PBXNativeTarget section */

/* Begin PBXProject section */
		634F25F71E662A4F00028893 /* Project object */ = {
			isa = PBXProject;
			attributes = {
				LastSwiftUpdateCheck = 0820;
				LastUpgradeCheck = 0820;
				ORGANIZATIONNAME = "David Lee";
				TargetAttributes = {
					634F25FE1E662A4F00028893 = {
						CreatedOnToolsVersion = 8.2.1;
						DevelopmentTeam = W232V5HB89;
						LastSwiftMigration = 0820;
						ProvisioningStyle = Automatic;
					};
				};
			};
			buildConfigurationList = 634F25FA1E662A4F00028893 /* Build configuration list for PBXProject "Touchup" */;
			compatibilityVersion = "Xcode 3.2";
			developmentRegion = English;
			hasScannedForEncodings = 0;
			knownRegions = (
				en,
				Base,
			);
			mainGroup = 634F25F61E662A4F00028893;
			productRefGroup = 634F26001E662A4F00028893 /* Products */;
			projectDirPath = "";
			projectRoot = "";
			targets = (
				634F25FE1E662A4F00028893 /* Touchup */,
			);
		};
/* End PBXProject section */

/* Begin PBXResourcesBuildPhase section */
		634F25FD1E662A4F00028893 /* Resources */ = {
			isa = PBXResourcesBuildPhase;
			buildActionMask = 2147483647;
			files = (
				634F260D1E662A4F00028893 /* LaunchScreen.storyboard in Resources */,
				63C5A9381E785FDB0079D380 /* progress.mp4 in Resources */,
				634F260A1E662A4F00028893 /* Assets.xcassets in Resources */,
				634F26081E662A4F00028893 /* Main.storyboard in Resources */,
				6368915E1E774EF00022D811 /* runner.mp4 in Resources */,
			);
			runOnlyForDeploymentPostprocessing = 0;
		};
/* End PBXResourcesBuildPhase section */

/* Begin PBXShellScriptBuildPhase section */
		1382AF06092604D46D81B033 /* [CP] Copy Pods Resources */ = {
			isa = PBXShellScriptBuildPhase;
			buildActionMask = 2147483647;
			files = (
			);
			inputPaths = (
			);
			name = "[CP] Copy Pods Resources";
			outputPaths = (
			);
			runOnlyForDeploymentPostprocessing = 0;
			shellPath = /bin/sh;
			shellScript = "\"${SRCROOT}/Pods/Target Support Files/Pods-Touchup/Pods-Touchup-resources.sh\"\n";
			showEnvVarsInLog = 0;
		};
		5CFB7B3A5ABC2B2E527C6AB7 /* [CP] Embed Pods Frameworks */ = {
			isa = PBXShellScriptBuildPhase;
			buildActionMask = 2147483647;
			files = (
			);
			inputPaths = (
			);
			name = "[CP] Embed Pods Frameworks";
			outputPaths = (
			);
			runOnlyForDeploymentPostprocessing = 0;
			shellPath = /bin/sh;
			shellScript = "\"${SRCROOT}/Pods/Target Support Files/Pods-Touchup/Pods-Touchup-frameworks.sh\"\n";
			showEnvVarsInLog = 0;
		};
		F675859C51347735320683DF /* [CP] Check Pods Manifest.lock */ = {
			isa = PBXShellScriptBuildPhase;
			buildActionMask = 2147483647;
			files = (
			);
			inputPaths = (
			);
			name = "[CP] Check Pods Manifest.lock";
			outputPaths = (
			);
			runOnlyForDeploymentPostprocessing = 0;
			shellPath = /bin/sh;
			shellScript = "diff \"${PODS_ROOT}/../Podfile.lock\" \"${PODS_ROOT}/Manifest.lock\" > /dev/null\nif [ $? != 0 ] ; then\n    # print error to STDERR\n    echo \"error: The sandbox is not in sync with the Podfile.lock. Run 'pod install' or update your CocoaPods installation.\" >&2\n    exit 1\nfi\n";
			showEnvVarsInLog = 0;
		};
/* End PBXShellScriptBuildPhase section */

/* Begin PBXSourcesBuildPhase section */
		634F25FB1E662A4F00028893 /* Sources */ = {
			isa = PBXSourcesBuildPhase;
			buildActionMask = 2147483647;
			files = (
				634F26051E662A4F00028893 /* ViewController.swift in Sources */,
				634F26151E662A6500028893 /* ImageSourceRenderView.swift in Sources */,
				633D53D51EC3A7FF00DD57A7 /* Dictionary.swift in Sources */,
				63C5A93F1E78B22B0079D380 /* Tape.swift in Sources */,
				63BCF56E1E673C10006D46DD /* ImageStageController.swift in Sources */,
				634C33141E775D7E005AA13A /* ImageSequencer.swift in Sources */,
				6368915C1E774D180022D811 /* Models.swift in Sources */,
				63250E421E6F917400A3C955 /* EraserTool.swift in Sources */,
				637E45E01E70823B00BBFE4C /* Vector+dot.swift in Sources */,
				634F26031E662A4F00028893 /* AppDelegate.swift in Sources */,
				63BCF56C1E667D62006D46DD /* MultitouchGestureRecognizer.swift in Sources */,
				63C5A93B1E7866680079D380 /* History.swift in Sources */,
				63B481391E688F9300D1A795 /* UIImage+resize.swift in Sources */,
				63EB14AA1E71FEF900925D43 /* UIGestureRecognizer+cancel.swift in Sources */,
				637E45E21E70B80400BBFE4C /* Analytics.swift in Sources */,
				63C5A93D1E787D130079D380 /* Result.swift in Sources */,
				63C5A9361E77B8030079D380 /* CIFilter.swift in Sources */,
				633C8AB91EC25EF6003EB9A6 /* UIImage+trimmedImage.m in Sources */,
				63250E401E6F3CF600A3C955 /* UIBezierPath+smooth.swift in Sources */,
			);
			runOnlyForDeploymentPostprocessing = 0;
		};
/* End PBXSourcesBuildPhase section */

/* Begin PBXVariantGroup section */
		634F26061E662A4F00028893 /* Main.storyboard */ = {
			isa = PBXVariantGroup;
			children = (
				634F26071E662A4F00028893 /* Base */,
			);
			name = Main.storyboard;
			sourceTree = "<group>";
		};
		634F260B1E662A4F00028893 /* LaunchScreen.storyboard */ = {
			isa = PBXVariantGroup;
			children = (
				634F260C1E662A4F00028893 /* Base */,
			);
			name = LaunchScreen.storyboard;
			sourceTree = "<group>";
		};
/* End PBXVariantGroup section */

/* Begin XCBuildConfiguration section */
		634F260F1E662A4F00028893 /* Debug */ = {
			isa = XCBuildConfiguration;
			buildSettings = {
				ALWAYS_SEARCH_USER_PATHS = NO;
				CLANG_ANALYZER_NONNULL = YES;
				CLANG_CXX_LANGUAGE_STANDARD = "gnu++0x";
				CLANG_CXX_LIBRARY = "libc++";
				CLANG_ENABLE_MODULES = YES;
				CLANG_ENABLE_OBJC_ARC = YES;
				CLANG_WARN_BOOL_CONVERSION = YES;
				CLANG_WARN_CONSTANT_CONVERSION = YES;
				CLANG_WARN_DIRECT_OBJC_ISA_USAGE = YES_ERROR;
				CLANG_WARN_DOCUMENTATION_COMMENTS = YES;
				CLANG_WARN_EMPTY_BODY = YES;
				CLANG_WARN_ENUM_CONVERSION = YES;
				CLANG_WARN_INFINITE_RECURSION = YES;
				CLANG_WARN_INT_CONVERSION = YES;
				CLANG_WARN_OBJC_ROOT_CLASS = YES_ERROR;
				CLANG_WARN_SUSPICIOUS_MOVE = YES;
				CLANG_WARN_UNREACHABLE_CODE = YES;
				CLANG_WARN__DUPLICATE_METHOD_MATCH = YES;
				"CODE_SIGN_IDENTITY[sdk=iphoneos*]" = "iPhone Developer";
				COPY_PHASE_STRIP = NO;
				DEBUG_INFORMATION_FORMAT = dwarf;
				ENABLE_STRICT_OBJC_MSGSEND = YES;
				ENABLE_TESTABILITY = YES;
				GCC_C_LANGUAGE_STANDARD = gnu99;
				GCC_DYNAMIC_NO_PIC = NO;
				GCC_NO_COMMON_BLOCKS = YES;
				GCC_OPTIMIZATION_LEVEL = 0;
				GCC_PREPROCESSOR_DEFINITIONS = (
					"DEBUG=1",
					"$(inherited)",
				);
				GCC_WARN_64_TO_32_BIT_CONVERSION = YES;
				GCC_WARN_ABOUT_RETURN_TYPE = YES_ERROR;
				GCC_WARN_UNDECLARED_SELECTOR = YES;
				GCC_WARN_UNINITIALIZED_AUTOS = YES_AGGRESSIVE;
				GCC_WARN_UNUSED_FUNCTION = YES;
				GCC_WARN_UNUSED_VARIABLE = YES;
				IPHONEOS_DEPLOYMENT_TARGET = 10.2;
				MTL_ENABLE_DEBUG_INFO = YES;
				ONLY_ACTIVE_ARCH = YES;
				SDKROOT = iphoneos;
				SWIFT_ACTIVE_COMPILATION_CONDITIONS = DEBUG;
				SWIFT_OPTIMIZATION_LEVEL = "-Onone";
				TARGETED_DEVICE_FAMILY = "1,2";
			};
			name = Debug;
		};
		634F26101E662A4F00028893 /* Release */ = {
			isa = XCBuildConfiguration;
			buildSettings = {
				ALWAYS_SEARCH_USER_PATHS = NO;
				CLANG_ANALYZER_NONNULL = YES;
				CLANG_CXX_LANGUAGE_STANDARD = "gnu++0x";
				CLANG_CXX_LIBRARY = "libc++";
				CLANG_ENABLE_MODULES = YES;
				CLANG_ENABLE_OBJC_ARC = YES;
				CLANG_WARN_BOOL_CONVERSION = YES;
				CLANG_WARN_CONSTANT_CONVERSION = YES;
				CLANG_WARN_DIRECT_OBJC_ISA_USAGE = YES_ERROR;
				CLANG_WARN_DOCUMENTATION_COMMENTS = YES;
				CLANG_WARN_EMPTY_BODY = YES;
				CLANG_WARN_ENUM_CONVERSION = YES;
				CLANG_WARN_INFINITE_RECURSION = YES;
				CLANG_WARN_INT_CONVERSION = YES;
				CLANG_WARN_OBJC_ROOT_CLASS = YES_ERROR;
				CLANG_WARN_SUSPICIOUS_MOVE = YES;
				CLANG_WARN_UNREACHABLE_CODE = YES;
				CLANG_WARN__DUPLICATE_METHOD_MATCH = YES;
				"CODE_SIGN_IDENTITY[sdk=iphoneos*]" = "iPhone Developer";
				COPY_PHASE_STRIP = NO;
				DEBUG_INFORMATION_FORMAT = "dwarf-with-dsym";
				ENABLE_NS_ASSERTIONS = NO;
				ENABLE_STRICT_OBJC_MSGSEND = YES;
				GCC_C_LANGUAGE_STANDARD = gnu99;
				GCC_NO_COMMON_BLOCKS = YES;
				GCC_WARN_64_TO_32_BIT_CONVERSION = YES;
				GCC_WARN_ABOUT_RETURN_TYPE = YES_ERROR;
				GCC_WARN_UNDECLARED_SELECTOR = YES;
				GCC_WARN_UNINITIALIZED_AUTOS = YES_AGGRESSIVE;
				GCC_WARN_UNUSED_FUNCTION = YES;
				GCC_WARN_UNUSED_VARIABLE = YES;
				IPHONEOS_DEPLOYMENT_TARGET = 10.2;
				MTL_ENABLE_DEBUG_INFO = NO;
				SDKROOT = iphoneos;
				SWIFT_OPTIMIZATION_LEVEL = "-Owholemodule";
				TARGETED_DEVICE_FAMILY = "1,2";
				VALIDATE_PRODUCT = YES;
			};
			name = Release;
		};
		634F26121E662A4F00028893 /* Debug */ = {
			isa = XCBuildConfiguration;
			baseConfigurationReference = C8023175DC6A9118FA38AA4E /* Pods-Touchup.debug.xcconfig */;
			buildSettings = {
				ASSETCATALOG_COMPILER_APPICON_NAME = "AppIcon${BUNDLE_ID_SUFFIX}";
				BUNDLE_ID_SUFFIX = .debug;
				CLANG_ENABLE_MODULES = YES;
				CURRENT_PROJECT_VERSION = 4;
				DEVELOPMENT_TEAM = W232V5HB89;
				FRAMEWORK_SEARCH_PATHS = (
					"$(inherited)",
					"$(PROJECT_DIR)",
				);
				INFOPLIST_FILE = CITransformsExperiment/Info.plist;
				LD_RUNPATH_SEARCH_PATHS = "$(inherited) @executable_path/Frameworks";
				PRODUCT_BUNDLE_IDENTIFIER = "net.david-lee.Touchup";
				PRODUCT_NAME = "$(TARGET_NAME)";
				SWIFT_OBJC_BRIDGING_HEADER = "CITransformsExperiment/Touchup-Bridging-Header.h";
				SWIFT_OPTIMIZATION_LEVEL = "-Onone";
				SWIFT_VERSION = 3.0;
				TARGETED_DEVICE_FAMILY = 1;
				VERSIONING_SYSTEM = "apple-generic";
			};
			name = Debug;
		};
		634F26131E662A4F00028893 /* Release */ = {
			isa = XCBuildConfiguration;
			baseConfigurationReference = FC8494E0AC6C0BC89FBA1528 /* Pods-Touchup.release.xcconfig */;
			buildSettings = {
				ASSETCATALOG_COMPILER_APPICON_NAME = "AppIcon${BUNDLE_ID_SUFFIX}";
				BUNDLE_ID_SUFFIX = "";
				CLANG_ENABLE_MODULES = YES;
				CURRENT_PROJECT_VERSION = 4;
				DEVELOPMENT_TEAM = W232V5HB89;
				FRAMEWORK_SEARCH_PATHS = (
					"$(inherited)",
					"$(PROJECT_DIR)",
				);
				INFOPLIST_FILE = CITransformsExperiment/Info.plist;
				LD_RUNPATH_SEARCH_PATHS = "$(inherited) @executable_path/Frameworks";
				PRODUCT_BUNDLE_IDENTIFIER = "net.david-lee.Touchup";
				PRODUCT_NAME = "$(TARGET_NAME)";
				SWIFT_OBJC_BRIDGING_HEADER = "CITransformsExperiment/Touchup-Bridging-Header.h";
				SWIFT_VERSION = 3.0;
				TARGETED_DEVICE_FAMILY = 1;
				VERSIONING_SYSTEM = "apple-generic";
			};
			name = Release;
		};
/* End XCBuildConfiguration section */

/* Begin XCConfigurationList section */
		634F25FA1E662A4F00028893 /* Build configuration list for PBXProject "Touchup" */ = {
			isa = XCConfigurationList;
			buildConfigurations = (
				634F260F1E662A4F00028893 /* Debug */,
				634F26101E662A4F00028893 /* Release */,
			);
			defaultConfigurationIsVisible = 0;
			defaultConfigurationName = Release;
		};
		634F26111E662A4F00028893 /* Build configuration list for PBXNativeTarget "Touchup" */ = {
			isa = XCConfigurationList;
			buildConfigurations = (
				634F26121E662A4F00028893 /* Debug */,
				634F26131E662A4F00028893 /* Release */,
			);
			defaultConfigurationIsVisible = 0;
			defaultConfigurationName = Release;
		};
/* End XCConfigurationList section */
	};
	rootObject = 634F25F71E662A4F00028893 /* Project object */;
}
